
Microsoft Visual Studio Solution File, Format Version 11.00
# Visual Studio 2010
Project("{2150E333-8FDC-42A3-9474-1A3956D46DE8}") = "Solution Items", "Solution Items", "{519C71D4-9249-43BE-B700-57B48A61A10C}"
	ProjectSection(SolutionItems) = preProject
		SpiraTestMSTestExtension.vsmdi = SpiraTestMSTestExtension.vsmdi
	EndProjectSection
EndProject
Project("{FAE04EC0-301F-11D3-BF4B-00C04F79EFBC}") = "SpiraTestMSTestExtension", "SpiraTestMSTestExtension\SpiraTestMSTestExtension.csproj", "{42FC9F34-01F0-4526-9892-25704CD19639}"
EndProject
Project("{FAE04EC0-301F-11D3-BF4B-00C04F79EFBC}") = "SampleMSTest", "SampleMSTest\SampleMSTest.csproj", "{017245C7-0720-4E7C-8983-FD9D366882EA}"
EndProject
Global
	GlobalSection(TestCaseManagementSettings) = postSolution
		CategoryFile = SpiraTestMSTestExtension.vsmdi
	EndGlobalSection
	GlobalSection(SolutionConfigurationPlatforms) = preSolution
		Debug|Any CPU = Debug|Any CPU
		Release|Any CPU = Release|Any CPU
	EndGlobalSection
	GlobalSection(ProjectConfigurationPlatforms) = postSolution
		{42FC9F34-01F0-4526-9892-25704CD19639}.Debug|Any CPU.ActiveCfg = Debug|Any CPU
		{42FC9F34-01F0-4526-9892-25704CD19639}.Debug|Any CPU.Build.0 = Debug|Any CPU
		{42FC9F34-01F0-4526-9892-25704CD19639}.Release|Any CPU.ActiveCfg = Release|Any CPU
		{42FC9F34-01F0-4526-9892-25704CD19639}.Release|Any CPU.Build.0 = Release|Any CPU
		{017245C7-0720-4E7C-8983-FD9D366882EA}.Debug|Any CPU.ActiveCfg = Debug|Any CPU
		{017245C7-0720-4E7C-8983-FD9D366882EA}.Debug|Any CPU.Build.0 = Debug|Any CPU
		{017245C7-0720-4E7C-8983-FD9D366882EA}.Release|Any CPU.ActiveCfg = Release|Any CPU
		{017245C7-0720-4E7C-8983-FD9D366882EA}.Release|Any CPU.Build.0 = Release|Any CPU
	EndGlobalSection
	GlobalSection(SolutionProperties) = preSolution
		HideSolutionNode = FALSE
	EndGlobalSection
EndGlobal
